
Microsoft Visual Studio Solution File, Format Version 12.00
# Visual Studio Version 17
VisualStudioVersion = 17.0.31903.59
MinimumVisualStudioVersion = 10.0.40219.1
Project("{2150E333-8FDC-42A3-9474-1A3956D46DE8}") = "src", "src", "{827E0CD3-B72D-47B6-A68D-7590B98EB39B}"
EndProject
Project("{FAE04EC0-301F-11D3-BF4B-00C04F79EFBC}") = "FamilyTree.Api", "src\FamilyTree.Api\FamilyTree.Api.csproj", "{AB02C4FB-F7AE-4282-B7A7-F758C3BB867C}"
EndProject
Project("{FAE04EC0-301F-11D3-BF4B-00C04F79EFBC}") = "FamilyTree.Infrastructure", "src\FamilyTree.Infrastructure\FamilyTree.Infrastructure.csproj", "{30543661-2B8E-4DCB-828B-26AFDE2EB1EC}"
EndProject
Project("{FAE04EC0-301F-11D3-BF4B-00C04F79EFBC}") = "FamilyTree.Application", "src\FamilyTree.Application\FamilyTree.Application.csproj", "{AEA1C4DF-51DD-4F3C-AADF-565500067FEA}"
EndProject
Project("{FAE04EC0-301F-11D3-BF4B-00C04F79EFBC}") = "FamilyTree.Domain", "src\FamilyTree.Domain\FamilyTree.Domain.csproj", "{EBFFF32A-FCCB-428A-80B1-D15930DB38E0}"
EndProject
Project("{FAE04EC0-301F-11D3-BF4B-00C04F79EFBC}") = "FamilyTree.Contracts", "src\FamilyTree.Contracts\FamilyTree.Contracts.csproj", "{67E6A8B5-6D7B-4892-8463-8A94D0E50410}"
EndProject
Project("{2150E333-8FDC-42A3-9474-1A3956D46DE8}") = "tests", "tests", "{0AB3BF05-4346-4AA6-1389-037BE0695223}"
EndProject
Project("{FAE04EC0-301F-11D3-BF4B-00C04F79EFBC}") = "FamilyTree.Api.IntegrationTests", "tests\FamilyTree.Api.IntegrationTests\FamilyTree.Api.IntegrationTests.csproj", "{D970F7C7-E8AA-4AAF-8162-72442E5D451F}"
EndProject
Project("{FAE04EC0-301F-11D3-BF4B-00C04F79EFBC}") = "FamilyTree.Application.Tests", "tests\FamilyTree.Application.Tests\FamilyTree.Application.Tests.csproj", "{9136202F-A654-4EA6-8533-D06B6C49A8DF}"
EndProject
Project("{FAE04EC0-301F-11D3-BF4B-00C04F79EFBC}") = "FamilyTree.Domain.Tests", "tests\FamilyTree.Domain.Tests\FamilyTree.Domain.Tests.csproj", "{09CDB226-B8EB-41E2-B51F-46D37239842A}"
EndProject
Project("{2150E333-8FDC-42A3-9474-1A3956D46DE8}") = "tools", "tools", "{07C2787E-EAC7-C090-1BA3-A61EC2A24D84}"
EndProject
Project("{FAE04EC0-301F-11D3-BF4B-00C04F79EFBC}") = "FamilyTree.Import", "tools\FamilyTree.Import\FamilyTree.Import.csproj", "{C02692A7-F91A-4352-987F-B9F946053D87}"
EndProject
Project("{FAE04EC0-301F-11D3-BF4B-00C04F79EFBC}") = "FamilyTree.Import.Tests", "tests\FamilyTree.Import.Tests\FamilyTree.Import.Tests.csproj", "{5C51F860-35A8-4768-9ECA-DDEB570A5623}"
EndProject
Global
	GlobalSection(SolutionConfigurationPlatforms) = preSolution
		Debug|Any CPU = Debug|Any CPU
		Debug|x64 = Debug|x64
		Debug|x86 = Debug|x86
		Release|Any CPU = Release|Any CPU
		Release|x64 = Release|x64
		Release|x86 = Release|x86
	EndGlobalSection
	GlobalSection(ProjectConfigurationPlatforms) = postSolution
		{AB02C4FB-F7AE-4282-B7A7-F758C3BB867C}.Debug|Any CPU.ActiveCfg = Debug|Any CPU
		{AB02C4FB-F7AE-4282-B7A7-F758C3BB867C}.Debug|Any CPU.Build.0 = Debug|Any CPU
		{AB02C4FB-F7AE-4282-B7A7-F758C3BB867C}.Debug|x64.ActiveCfg = Debug|Any CPU
		{AB02C4FB-F7AE-4282-B7A7-F758C3BB867C}.Debug|x64.Build.0 = Debug|Any CPU
		{AB02C4FB-F7AE-4282-B7A7-F758C3BB867C}.Debug|x86.ActiveCfg = Debug|Any CPU
		{AB02C4FB-F7AE-4282-B7A7-F758C3BB867C}.Debug|x86.Build.0 = Debug|Any CPU
		{AB02C4FB-F7AE-4282-B7A7-F758C3BB867C}.Release|Any CPU.ActiveCfg = Release|Any CPU
		{AB02C4FB-F7AE-4282-B7A7-F758C3BB867C}.Release|Any CPU.Build.0 = Release|Any CPU
		{AB02C4FB-F7AE-4282-B7A7-F758C3BB867C}.Release|x64.ActiveCfg = Release|Any CPU
		{AB02C4FB-F7AE-4282-B7A7-F758C3BB867C}.Release|x64.Build.0 = Release|Any CPU
		{AB02C4FB-F7AE-4282-B7A7-F758C3BB867C}.Release|x86.ActiveCfg = Release|Any CPU
		{AB02C4FB-F7AE-4282-B7A7-F758C3BB867C}.Release|x86.Build.0 = Release|Any CPU
		{30543661-2B8E-4DCB-828B-26AFDE2EB1EC}.Debug|Any CPU.ActiveCfg = Debug|Any CPU
		{30543661-2B8E-4DCB-828B-26AFDE2EB1EC}.Debug|Any CPU.Build.0 = Debug|Any CPU
		{30543661-2B8E-4DCB-828B-26AFDE2EB1EC}.Debug|x64.ActiveCfg = Debug|Any CPU
		{30543661-2B8E-4DCB-828B-26AFDE2EB1EC}.Debug|x64.Build.0 = Debug|Any CPU
		{30543661-2B8E-4DCB-828B-26AFDE2EB1EC}.Debug|x86.ActiveCfg = Debug|Any CPU
		{30543661-2B8E-4DCB-828B-26AFDE2EB1EC}.Debug|x86.Build.0 = Debug|Any CPU
		{30543661-2B8E-4DCB-828B-26AFDE2EB1EC}.Release|Any CPU.ActiveCfg = Release|Any CPU
		{30543661-2B8E-4DCB-828B-26AFDE2EB1EC}.Release|Any CPU.Build.0 = Release|Any CPU
		{30543661-2B8E-4DCB-828B-26AFDE2EB1EC}.Release|x64.ActiveCfg = Release|Any CPU
		{30543661-2B8E-4DCB-828B-26AFDE2EB1EC}.Release|x64.Build.0 = Release|Any CPU
		{30543661-2B8E-4DCB-828B-26AFDE2EB1EC}.Release|x86.ActiveCfg = Release|Any CPU
		{30543661-2B8E-4DCB-828B-26AFDE2EB1EC}.Release|x86.Build.0 = Release|Any CPU
		{AEA1C4DF-51DD-4F3C-AADF-565500067FEA}.Debug|Any CPU.ActiveCfg = Debug|Any CPU
		{AEA1C4DF-51DD-4F3C-AADF-565500067FEA}.Debug|Any CPU.Build.0 = Debug|Any CPU
		{AEA1C4DF-51DD-4F3C-AADF-565500067FEA}.Debug|x64.ActiveCfg = Debug|Any CPU
		{AEA1C4DF-51DD-4F3C-AADF-565500067FEA}.Debug|x64.Build.0 = Debug|Any CPU
		{AEA1C4DF-51DD-4F3C-AADF-565500067FEA}.Debug|x86.ActiveCfg = Debug|Any CPU
		{AEA1C4DF-51DD-4F3C-AADF-565500067FEA}.Debug|x86.Build.0 = Debug|Any CPU
		{AEA1C4DF-51DD-4F3C-AADF-565500067FEA}.Release|Any CPU.ActiveCfg = Release|Any CPU
		{AEA1C4DF-51DD-4F3C-AADF-565500067FEA}.Release|Any CPU.Build.0 = Release|Any CPU
		{AEA1C4DF-51DD-4F3C-AADF-565500067FEA}.Release|x64.ActiveCfg = Release|Any CPU
		{AEA1C4DF-51DD-4F3C-AADF-565500067FEA}.Release|x64.Build.0 = Release|Any CPU
		{AEA1C4DF-51DD-4F3C-AADF-565500067FEA}.Release|x86.ActiveCfg = Release|Any CPU
		{AEA1C4DF-51DD-4F3C-AADF-565500067FEA}.Release|x86.Build.0 = Release|Any CPU
		{EBFFF32A-FCCB-428A-80B1-D15930DB38E0}.Debug|Any CPU.ActiveCfg = Debug|Any CPU
		{EBFFF32A-FCCB-428A-80B1-D15930DB38E0}.Debug|Any CPU.Build.0 = Debug|Any CPU
		{EBFFF32A-FCCB-428A-80B1-D15930DB38E0}.Debug|x64.ActiveCfg = Debug|Any CPU
		{EBFFF32A-FCCB-428A-80B1-D15930DB38E0}.Debug|x64.Build.0 = Debug|Any CPU
		{EBFFF32A-FCCB-428A-80B1-D15930DB38E0}.Debug|x86.ActiveCfg = Debug|Any CPU
		{EBFFF32A-FCCB-428A-80B1-D15930DB38E0}.Debug|x86.Build.0 = Debug|Any CPU
		{EBFFF32A-FCCB-428A-80B1-D15930DB38E0}.Release|Any CPU.ActiveCfg = Release|Any CPU
		{EBFFF32A-FCCB-428A-80B1-D15930DB38E0}.Release|Any CPU.Build.0 = Release|Any CPU
		{EBFFF32A-FCCB-428A-80B1-D15930DB38E0}.Release|x64.ActiveCfg = Release|Any CPU
		{EBFFF32A-FCCB-428A-80B1-D15930DB38E0}.Release|x64.Build.0 = Release|Any CPU
		{EBFFF32A-FCCB-428A-80B1-D15930DB38E0}.Release|x86.ActiveCfg = Release|Any CPU
		{EBFFF32A-FCCB-428A-80B1-D15930DB38E0}.Release|x86.Build.0 = Release|Any CPU
		{67E6A8B5-6D7B-4892-8463-8A94D0E50410}.Debug|Any CPU.ActiveCfg = Debug|Any CPU
		{67E6A8B5-6D7B-4892-8463-8A94D0E50410}.Debug|Any CPU.Build.0 = Debug|Any CPU
		{67E6A8B5-6D7B-4892-8463-8A94D0E50410}.Debug|x64.ActiveCfg = Debug|Any CPU
		{67E6A8B5-6D7B-4892-8463-8A94D0E50410}.Debug|x64.Build.0 = Debug|Any CPU
		{67E6A8B5-6D7B-4892-8463-8A94D0E50410}.Debug|x86.ActiveCfg = Debug|Any CPU
		{67E6A8B5-6D7B-4892-8463-8A94D0E50410}.Debug|x86.Build.0 = Debug|Any CPU
		{67E6A8B5-6D7B-4892-8463-8A94D0E50410}.Release|Any CPU.ActiveCfg = Release|Any CPU
		{67E6A8B5-6D7B-4892-8463-8A94D0E50410}.Release|Any CPU.Build.0 = Release|Any CPU
		{67E6A8B5-6D7B-4892-8463-8A94D0E50410}.Release|x64.ActiveCfg = Release|Any CPU
		{67E6A8B5-6D7B-4892-8463-8A94D0E50410}.Release|x64.Build.0 = Release|Any CPU
		{67E6A8B5-6D7B-4892-8463-8A94D0E50410}.Release|x86.ActiveCfg = Release|Any CPU
		{67E6A8B5-6D7B-4892-8463-8A94D0E50410}.Release|x86.Build.0 = Release|Any CPU
		{D970F7C7-E8AA-4AAF-8162-72442E5D451F}.Debug|Any CPU.ActiveCfg = Debug|Any CPU
		{D970F7C7-E8AA-4AAF-8162-72442E5D451F}.Debug|Any CPU.Build.0 = Debug|Any CPU
		{D970F7C7-E8AA-4AAF-8162-72442E5D451F}.Debug|x64.ActiveCfg = Debug|Any CPU
		{D970F7C7-E8AA-4AAF-8162-72442E5D451F}.Debug|x64.Build.0 = Debug|Any CPU
		{D970F7C7-E8AA-4AAF-8162-72442E5D451F}.Debug|x86.ActiveCfg = Debug|Any CPU
		{D970F7C7-E8AA-4AAF-8162-72442E5D451F}.Debug|x86.Build.0 = Debug|Any CPU
		{D970F7C7-E8AA-4AAF-8162-72442E5D451F}.Release|Any CPU.ActiveCfg = Release|Any CPU
		{D970F7C7-E8AA-4AAF-8162-72442E5D451F}.Release|Any CPU.Build.0 = Release|Any CPU
		{D970F7C7-E8AA-4AAF-8162-72442E5D451F}.Release|x64.ActiveCfg = Release|Any CPU
		{D970F7C7-E8AA-4AAF-8162-72442E5D451F}.Release|x64.Build.0 = Release|Any CPU
		{D970F7C7-E8AA-4AAF-8162-72442E5D451F}.Release|x86.ActiveCfg = Release|Any CPU
		{D970F7C7-E8AA-4AAF-8162-72442E5D451F}.Release|x86.Build.0 = Release|Any CPU
		{9136202F-A654-4EA6-8533-D06B6C49A8DF}.Debug|Any CPU.ActiveCfg = Debug|Any CPU
		{9136202F-A654-4EA6-8533-D06B6C49A8DF}.Debug|Any CPU.Build.0 = Debug|Any CPU
		{9136202F-A654-4EA6-8533-D06B6C49A8DF}.Debug|x64.ActiveCfg = Debug|Any CPU
		{9136202F-A654-4EA6-8533-D06B6C49A8DF}.Debug|x64.Build.0 = Debug|Any CPU
		{9136202F-A654-4EA6-8533-D06B6C49A8DF}.Debug|x86.ActiveCfg = Debug|Any CPU
		{9136202F-A654-4EA6-8533-D06B6C49A8DF}.Debug|x86.Build.0 = Debug|Any CPU
		{9136202F-A654-4EA6-8533-D06B6C49A8DF}.Release|Any CPU.ActiveCfg = Release|Any CPU
		{9136202F-A654-4EA6-8533-D06B6C49A8DF}.Release|Any CPU.Build.0 = Release|Any CPU
		{9136202F-A654-4EA6-8533-D06B6C49A8DF}.Release|x64.ActiveCfg = Release|Any CPU
		{9136202F-A654-4EA6-8533-D06B6C49A8DF}.Release|x64.Build.0 = Release|Any CPU
		{9136202F-A654-4EA6-8533-D06B6C49A8DF}.Release|x86.ActiveCfg = Release|Any CPU
		{9136202F-A654-4EA6-8533-D06B6C49A8DF}.Release|x86.Build.0 = Release|Any CPU
		{09CDB226-B8EB-41E2-B51F-46D37239842A}.Debug|Any CPU.ActiveCfg = Debug|Any CPU
		{09CDB226-B8EB-41E2-B51F-46D37239842A}.Debug|Any CPU.Build.0 = Debug|Any CPU
		{09CDB226-B8EB-41E2-B51F-46D37239842A}.Debug|x64.ActiveCfg = Debug|Any CPU
		{09CDB226-B8EB-41E2-B51F-46D37239842A}.Debug|x64.Build.0 = Debug|Any CPU
		{09CDB226-B8EB-41E2-B51F-46D37239842A}.Debug|x86.ActiveCfg = Debug|Any CPU
		{09CDB226-B8EB-41E2-B51F-46D37239842A}.Debug|x86.Build.0 = Debug|Any CPU
		{09CDB226-B8EB-41E2-B51F-46D37239842A}.Release|Any CPU.ActiveCfg = Release|Any CPU
		{09CDB226-B8EB-41E2-B51F-46D37239842A}.Release|Any CPU.Build.0 = Release|Any CPU
		{09CDB226-B8EB-41E2-B51F-46D37239842A}.Release|x64.ActiveCfg = Release|Any CPU
		{09CDB226-B8EB-41E2-B51F-46D37239842A}.Release|x64.Build.0 = Release|Any CPU
		{09CDB226-B8EB-41E2-B51F-46D37239842A}.Release|x86.ActiveCfg = Release|Any CPU
		{09CDB226-B8EB-41E2-B51F-46D37239842A}.Release|x86.Build.0 = Release|Any CPU
		{C02692A7-F91A-4352-987F-B9F946053D87}.Debug|Any CPU.ActiveCfg = Debug|Any CPU
		{C02692A7-F91A-4352-987F-B9F946053D87}.Debug|Any CPU.Build.0 = Debug|Any CPU
		{C02692A7-F91A-4352-987F-B9F946053D87}.Debug|x64.ActiveCfg = Debug|Any CPU
		{C02692A7-F91A-4352-987F-B9F946053D87}.Debug|x64.Build.0 = Debug|Any CPU
		{C02692A7-F91A-4352-987F-B9F946053D87}.Debug|x86.ActiveCfg = Debug|Any CPU
		{C02692A7-F91A-4352-987F-B9F946053D87}.Debug|x86.Build.0 = Debug|Any CPU
		{C02692A7-F91A-4352-987F-B9F946053D87}.Release|Any CPU.ActiveCfg = Release|Any CPU
		{C02692A7-F91A-4352-987F-B9F946053D87}.Release|Any CPU.Build.0 = Release|Any CPU
		{C02692A7-F91A-4352-987F-B9F946053D87}.Release|x64.ActiveCfg = Release|Any CPU
		{C02692A7-F91A-4352-987F-B9F946053D87}.Release|x64.Build.0 = Release|Any CPU
		{C02692A7-F91A-4352-987F-B9F946053D87}.Release|x86.ActiveCfg = Release|Any CPU
		{C02692A7-F91A-4352-987F-B9F946053D87}.Release|x86.Build.0 = Release|Any CPU
		{5C51F860-35A8-4768-9ECA-DDEB570A5623}.Debug|Any CPU.ActiveCfg = Debug|Any CPU
		{5C51F860-35A8-4768-9ECA-DDEB570A5623}.Debug|Any CPU.Build.0 = Debug|Any CPU
		{5C51F860-35A8-4768-9ECA-DDEB570A5623}.Debug|x64.ActiveCfg = Debug|Any CPU
		{5C51F860-35A8-4768-9ECA-DDEB570A5623}.Debug|x64.Build.0 = Debug|Any CPU
		{5C51F860-35A8-4768-9ECA-DDEB570A5623}.Debug|x86.ActiveCfg = Debug|Any CPU
		{5C51F860-35A8-4768-9ECA-DDEB570A5623}.Debug|x86.Build.0 = Debug|Any CPU
		{5C51F860-35A8-4768-9ECA-DDEB570A5623}.Release|Any CPU.ActiveCfg = Release|Any CPU
		{5C51F860-35A8-4768-9ECA-DDEB570A5623}.Release|Any CPU.Build.0 = Release|Any CPU
		{5C51F860-35A8-4768-9ECA-DDEB570A5623}.Release|x64.ActiveCfg = Release|Any CPU
		{5C51F860-35A8-4768-9ECA-DDEB570A5623}.Release|x64.Build.0 = Release|Any CPU
		{5C51F860-35A8-4768-9ECA-DDEB570A5623}.Release|x86.ActiveCfg = Release|Any CPU
		{5C51F860-35A8-4768-9ECA-DDEB570A5623}.Release|x86.Build.0 = Release|Any CPU
	EndGlobalSection
	GlobalSection(SolutionProperties) = preSolution
		HideSolutionNode = FALSE
	EndGlobalSection
	GlobalSection(NestedProjects) = preSolution
		{AB02C4FB-F7AE-4282-B7A7-F758C3BB867C} = {827E0CD3-B72D-47B6-A68D-7590B98EB39B}
		{30543661-2B8E-4DCB-828B-26AFDE2EB1EC} = {827E0CD3-B72D-47B6-A68D-7590B98EB39B}
		{AEA1C4DF-51DD-4F3C-AADF-565500067FEA} = {827E0CD3-B72D-47B6-A68D-7590B98EB39B}
		{EBFFF32A-FCCB-428A-80B1-D15930DB38E0} = {827E0CD3-B72D-47B6-A68D-7590B98EB39B}
		{67E6A8B5-6D7B-4892-8463-8A94D0E50410} = {827E0CD3-B72D-47B6-A68D-7590B98EB39B}
		{D970F7C7-E8AA-4AAF-8162-72442E5D451F} = {0AB3BF05-4346-4AA6-1389-037BE0695223}
		{9136202F-A654-4EA6-8533-D06B6C49A8DF} = {0AB3BF05-4346-4AA6-1389-037BE0695223}
		{09CDB226-B8EB-41E2-B51F-46D37239842A} = {0AB3BF05-4346-4AA6-1389-037BE0695223}
		{C02692A7-F91A-4352-987F-B9F946053D87} = {07C2787E-EAC7-C090-1BA3-A61EC2A24D84}
		{5C51F860-35A8-4768-9ECA-DDEB570A5623} = {0AB3BF05-4346-4AA6-1389-037BE0695223}
	EndGlobalSection
EndGlobal
